
Microsoft Visual Studio Solution File, Format Version 12.00
# Visual Studio Version 17
VisualStudioVersion = 17.3.32929.385
MinimumVisualStudioVersion = 10.0.40219.1
Project("{FAE04EC0-301F-11D3-BF4B-00C04F79EFBC}") = "WpfApp6", "WpfApp6\WpfApp6.csproj", "{DC9B9B78-4165-4565-B5AB-98DBE6ACA1B5}"
EndProject
Global
	GlobalSection(SolutionConfigurationPlatforms) = preSolution
		Debug|Any CPU = Debug|Any CPU
		Release|Any CPU = Release|Any CPU
	EndGlobalSection
	GlobalSection(ProjectConfigurationPlatforms) = postSolution
		{DC9B9B78-4165-4565-B5AB-98DBE6ACA1B5}.Debug|Any CPU.ActiveCfg = Debug|Any CPU
		{DC9B9B78-4165-4565-B5AB-98DBE6ACA1B5}.Debug|Any CPU.Build.0 = Debug|Any CPU
		{DC9B9B78-4165-4565-B5AB-98DBE6ACA1B5}.Release|Any CPU.ActiveCfg = Release|Any CPU
		{DC9B9B78-4165-4565-B5AB-98DBE6ACA1B5}.Release|Any CPU.Build.0 = Release|Any CPU
	EndGlobalSection
	GlobalSection(SolutionProperties) = preSolution
		HideSolutionNode = FALSE
	EndGlobalSection
	GlobalSection(ExtensibilityGlobals) = postSolution
		SolutionGuid = {C097730A-CD5A-4958-BC84-01575969B553}
	EndGlobalSection
EndGlobal
